schema: '2.0'
stages:
  data_preprocessing:
    cmd: python -m src.data.data_preprocessing
    deps:
    - path: data/raw/predictive_maintenance.csv
      hash: md5
      md5: ccabaa16b0db4b688cd9f38c54ba3d26
      size: 531014
    - path: src/data/data_preprocessing.py
      hash: md5
      md5: 971d7c69cc2aae773d34eafe12046a57
      size: 4835
    outs:
    - path: data/interim/cleaned_df.csv
      hash: md5
      md5: 5ee5b267a0a7100c6b098a03e5ff30b8
      size: 5311405
  data_processing:
    cmd: python -m src.features.build_features
    deps:
    - path: data/interim/cleaned_df.csv
      hash: md5
      md5: 5ee5b267a0a7100c6b098a03e5ff30b8
      size: 5311405
    - path: src/features/build_features.py
      hash: md5
      md5: 9790cd8b8a41924cb22b850534c579b9
      size: 3933
    outs:
    - path: data/processed/test_processed.csv
      hash: md5
      md5: dd3dd3cdd170f09873a8a2911b6049c5
      size: 886994
    - path: data/processed/train_processed.csv
      hash: md5
      md5: 7c4284f31f2c9183cd12e4f45649dae7
      size: 3547056
    - path: models/target_encodings.pkl
      hash: md5
      md5: 9de7ea8918a2c83869815c11f1faf435
      size: 358
  train_model:
    cmd: python -m src.models.train_model
    deps:
    - path: data/processed/train_processed.csv
      hash: md5
      md5: 7c4284f31f2c9183cd12e4f45649dae7
      size: 3547056
    - path: src/models/train_model.py
      hash: md5
      md5: 9ced69f0263612ccc383366ccbb32809
      size: 8053
    outs:
    - path: metrics.json
      hash: md5
      md5: 5738e480bb0ace8bb17a53917e3348e5
      size: 881
    - path: models/scale.pkl
      hash: md5
      md5: c1a6089cdc80493f4668b3881e4a8f97
      size: 772
  predit_model:
    cmd: python -m src.models.predict_model
    deps:
    - path: data/processed/test_processed.csv
      hash: md5
      md5: dd3dd3cdd170f09873a8a2911b6049c5
      size: 886994
    - path: models/random_forest.pkl
      hash: md5
      md5: d8c26b99fa3591e0e2cc7c28a9374b97
      size: 34911685
    - path: src/models/predict_model.py
      hash: md5
      md5: b68838618b9aeb5e4be53423fc9e4427
      size: 3951
    outs:
    - path: confusion-failure_type.png
      hash: md5
      md5: dba7e4e0146f8b6251386a9f680245cb
      size: 34516
    - path: confusion-target.png
      hash: md5
      md5: 85b24470d9e8cbacb5ae520703b40a2f
      size: 23523
    - path: test_metric-failure_type.json
      hash: md5
      md5: 6c9c7a298cf85e1906f33dace7bda7db
      size: 137
    - path: test_metric-target.json
      hash: md5
      md5: 44d75d255f20b7dc53c96e2eb4f7c24d
      size: 122
  log_results:
    cmd: python -m src.models.log_models_dagshub
    deps:
    - path: confusion-failure_type.png
      hash: md5
      md5: dba7e4e0146f8b6251386a9f680245cb
      size: 34516
    - path: confusion-target.png
      hash: md5
      md5: 85b24470d9e8cbacb5ae520703b40a2f
      size: 23523
    - path: src/models/log_models_dagshub.py
      hash: md5
      md5: 18ef8a211d5f93e7bf7a90e42a28ea08
      size: 5369
    - path: test_metric-failure_type.json
      hash: md5
      md5: 6c9c7a298cf85e1906f33dace7bda7db
      size: 137
    - path: test_metric-target.json
      hash: md5
      md5: 44d75d255f20b7dc53c96e2eb4f7c24d
      size: 122
  eda_visualization:
    cmd: python -m src.visualization.visualize
    deps:
    - path: config.yaml
      hash: md5
      md5: eebdaaa47f8ad1b93fdcdd6f853c1823
      size: 503
    - path: data/interim/cleaned_df.csv
      hash: md5
      md5: 5ee5b267a0a7100c6b098a03e5ff30b8
      size: 5311405
    - path: src/utensil/load_config.py
      hash: md5
      md5: 0ababdeac7e8ea146aa44c4394743805
      size: 152
    - path: src/visualization/visualize.py
      hash: md5
      md5: 4da745412edd6d6360b09b23dd6b62a7
      size: 6112
    outs:
    - path: reports/figures
      hash: md5
      md5: c5fb896c7342386a287bc2cc128cde93.dir
      size: 311691
      nfiles: 9
