schema: '2.0'
stages:
  data_preprocessing:
    cmd: python -m src.data.data_preprocessing
    deps:
    - path: data/raw/predictive_maintenance.csv
      hash: md5
      md5: ccabaa16b0db4b688cd9f38c54ba3d26
      size: 531014
    - path: src/data/data_preprocessing.py
      hash: md5
      md5: 6a2f63ae3f84c1b114cf13642bb65fb8
      size: 3572
    outs:
    - path: data/interim/cleaned_df.csv
      hash: md5
      md5: 5ee5b267a0a7100c6b098a03e5ff30b8
      size: 5311405
  data_processing:
    cmd: python -m src.features.build_features
    deps:
    - path: data/interim/cleaned_df.csv
      hash: md5
      md5: 5ee5b267a0a7100c6b098a03e5ff30b8
      size: 5311405
    - path: src/features/build_features.py
      hash: md5
      md5: 895dce92f33d14809fac841f3e856a61
      size: 2371
    outs:
    - path: data/processed/test_processed.csv
      hash: md5
      md5: dd3dd3cdd170f09873a8a2911b6049c5
      size: 886994
    - path: data/processed/train_processed.csv
      hash: md5
      md5: 7c4284f31f2c9183cd12e4f45649dae7
      size: 3547056
    - path: models/target_encodings.pkl
      hash: md5
      md5: 9de7ea8918a2c83869815c11f1faf435
      size: 358
  train_model:
    cmd: python -m src.models.train_model
    deps:
    - path: data/processed/train_processed.csv
      hash: md5
      md5: 7c4284f31f2c9183cd12e4f45649dae7
      size: 3547056
    - path: src/models/train_model.py
      hash: md5
      md5: de7cb9dae86aafc597893f58f0c5cceb
      size: 5306
    outs:
    - path: metrics.json
      hash: md5
      md5: e6009999fd7c257c372460eda544ef0f
      size: 835
    - path: models/scale.pkl
      hash: md5
      md5: a2499dc0ee24542c4a48ed527d783baa
      size: 773
  predit_model:
    cmd: python -m src.models.predict_model
    deps:
    - path: data/processed/test_processed.csv
      hash: md5
      md5: dd3dd3cdd170f09873a8a2911b6049c5
      size: 886994
    - path: models/random_forest.pkl
      hash: md5
      md5: 28f74b659a81a111477827fc0cccf84c
      size: 34911686
    - path: src/models/predict_model.py
      hash: md5
      md5: 9b659c2860c18e5a79ac356e88b64376
      size: 1990
    outs:
    - path: confusion-failure_type.png
      hash: md5
      md5: 4300dff31f43f8403e050749d6be6dc1
      size: 32116
    - path: confusion-target.png
      hash: md5
      md5: 3548344599a3432c905ad78da75abb4b
      size: 23095
    - path: test_metric-failure_type.json
      hash: md5
      md5: 6c9c7a298cf85e1906f33dace7bda7db
      size: 137
    - path: test_metric-target.json
      hash: md5
      md5: 44d75d255f20b7dc53c96e2eb4f7c24d
      size: 122
  log_results:
    cmd: python -m src.models.log_models_dagshub
    deps:
    - path: confusion-failure_type.png
      hash: md5
      md5: 4300dff31f43f8403e050749d6be6dc1
      size: 32116
    - path: confusion-target.png
      hash: md5
      md5: 3548344599a3432c905ad78da75abb4b
      size: 23095
    - path: src/models/log_models_dagshub.py
      hash: md5
      md5: 52b9eb428dd3c563f19966bb6fe7b82c
      size: 2873
    - path: test_metric-failure_type.json
      hash: md5
      md5: 6c9c7a298cf85e1906f33dace7bda7db
      size: 137
    - path: test_metric-target.json
      hash: md5
      md5: 44d75d255f20b7dc53c96e2eb4f7c24d
      size: 122
