schema: '2.0'
stages:
  data_preprocessing:
    cmd: python -m src.data.data_preprocessing
    deps:
    - path: data/raw/predictive_maintenance.csv
      hash: md5
      md5: ccabaa16b0db4b688cd9f38c54ba3d26
      size: 531014
    - path: src/data/data_preprocessing.py
      hash: md5
      md5: 7c6f373be74bba69fa31a42e4338ac46
      size: 3419
    outs:
    - path: data/interim/cleaned_df.csv
      hash: md5
      md5: 5ee5b267a0a7100c6b098a03e5ff30b8
      size: 5311405
  data_processing:
    cmd: python -m src.features.build_features
    deps:
    - path: data/interim/cleaned_df.csv
      hash: md5
      md5: 5ee5b267a0a7100c6b098a03e5ff30b8
      size: 5311405
    - path: src/features/build_features.py
      hash: md5
      md5: 54bf5c52d22af9873fdf961d882fdc63
      size: 2368
    outs:
    - path: data/processed/test_processed.csv
      hash: md5
      md5: dd3dd3cdd170f09873a8a2911b6049c5
      size: 886994
    - path: data/processed/train_processed.csv
      hash: md5
      md5: 7c4284f31f2c9183cd12e4f45649dae7
      size: 3547056
  train_model:
    cmd: python -m src.models.train_model
    deps:
    - path: data/processed/train_processed.csv
      hash: md5
      md5: 7c4284f31f2c9183cd12e4f45649dae7
      size: 3547056
    - path: src/models/train_model.py
      hash: md5
      md5: 8264eba05f233970e6d45b4dac33133e
      size: 5310
    outs:
    - path: metrics.json
      hash: md5
      md5: e6009999fd7c257c372460eda544ef0f
      size: 835
    - path: models/
      hash: md5
      md5: 21b74181dca3cf90dfcc7ed6b73552ed.dir
      size: 39798297
      nfiles: 4
